{
  "object": {
    "pins": [
      {
        "package": "sheets",
        "repositoryURL": "https://github.com/apstygo/sheets",
        "state": {
          "branch": "master",
          "revision": "cfa96b2d3183e76cf5a659e89509cc07f3f5a15c",
          "version": null
        }
      }
    ]
  },
  "version": 1
}
